
Microsoft Visual Studio Solution File, Format Version 12.00
# Visual Studio Version 16
VisualStudioVersion = 16.0.29911.84
MinimumVisualStudioVersion = 10.0.40219.1
Project("{FAE04EC0-301F-11D3-BF4B-00C04F79EFBC}") = "ClockifyClient", "ClockifyClient.csproj", "{038B5FF4-1689-496F-AADF-2BF2AD39751A}"
EndProject
Global
	GlobalSection(SolutionConfigurationPlatforms) = preSolution
		Debug|Any CPU = Debug|Any CPU
		Release|Any CPU = Release|Any CPU
	EndGlobalSection
	GlobalSection(ProjectConfigurationPlatforms) = postSolution
		{038B5FF4-1689-496F-AADF-2BF2AD39751A}.Debug|Any CPU.ActiveCfg = Debug|Any CPU
		{038B5FF4-1689-496F-AADF-2BF2AD39751A}.Debug|Any CPU.Build.0 = Debug|Any CPU
		{038B5FF4-1689-496F-AADF-2BF2AD39751A}.Release|Any CPU.ActiveCfg = Release|Any CPU
		{038B5FF4-1689-496F-AADF-2BF2AD39751A}.Release|Any CPU.Build.0 = Release|Any CPU
	EndGlobalSection
	GlobalSection(SolutionProperties) = preSolution
		HideSolutionNode = FALSE
	EndGlobalSection
	GlobalSection(ExtensibilityGlobals) = postSolution
		SolutionGuid = {A6AC8DE0-6FBC-44FD-8F33-70683FE00937}
	EndGlobalSection
EndGlobal
